// !$*UTF8*$!
{
	archiveVersion = 1;
	classes = {
	};
	objectVersion = 46;
	objects = {

/* Begin PBXBuildFile section */
		CE397E841B44291E0080490B /* TimeLog.m in Sources */ = {isa = PBXBuildFile; fileRef = CE397E831B44291E0080490B /* TimeLog.m */; };
		CE45A6321B3D525F007B3624 /* main.m in Sources */ = {isa = PBXBuildFile; fileRef = CE45A6311B3D525F007B3624 /* main.m */; };
		CE45A6351B3D525F007B3624 /* AppDelegate.m in Sources */ = {isa = PBXBuildFile; fileRef = CE45A6341B3D525F007B3624 /* AppDelegate.m */; };
		CE45A6381B3D525F007B3624 /* IndoorNavigationApp.xcdatamodeld in Sources */ = {isa = PBXBuildFile; fileRef = CE45A6361B3D525F007B3624 /* IndoorNavigationApp.xcdatamodeld */; };
		CE45A63B1B3D5260007B3624 /* ViewController.m in Sources */ = {isa = PBXBuildFile; fileRef = CE45A63A1B3D5260007B3624 /* ViewController.m */; };
		CE45A63E1B3D5260007B3624 /* Main.storyboard in Resources */ = {isa = PBXBuildFile; fileRef = CE45A63C1B3D5260007B3624 /* Main.storyboard */; };
		CE45A6401B3D5260007B3624 /* Images.xcassets in Resources */ = {isa = PBXBuildFile; fileRef = CE45A63F1B3D5260007B3624 /* Images.xcassets */; };
		CE45A6431B3D5260007B3624 /* LaunchScreen.xib in Resources */ = {isa = PBXBuildFile; fileRef = CE45A6411B3D5260007B3624 /* LaunchScreen.xib */; };
		CE45A64F1B3D5260007B3624 /* IndoorNavigationAppTests.m in Sources */ = {isa = PBXBuildFile; fileRef = CE45A64E1B3D5260007B3624 /* IndoorNavigationAppTests.m */; };
		CE45A65A1B3D582E007B3624 /* Employee.m in Sources */ = {isa = PBXBuildFile; fileRef = CE45A6591B3D582E007B3624 /* Employee.m */; };
		CE45A6601B3D5FBD007B3624 /* addEmployeeData.m in Sources */ = {isa = PBXBuildFile; fileRef = CE45A65F1B3D5FBD007B3624 /* addEmployeeData.m */; };
		CE48EC0F1B52464700F744C1 /* Places.m in Sources */ = {isa = PBXBuildFile; fileRef = CE48EC0E1B52464700F744C1 /* Places.m */; };
		CE48EC121B525FFA00F744C1 /* categoryViewController.m in Sources */ = {isa = PBXBuildFile; fileRef = CE48EC111B525FFA00F744C1 /* categoryViewController.m */; };
		CE48EC151B52602900F744C1 /* categoryTableViewCell.m in Sources */ = {isa = PBXBuildFile; fileRef = CE48EC141B52602900F744C1 /* categoryTableViewCell.m */; };
		CE48EC181B52619700F744C1 /* homeViewController.m in Sources */ = {isa = PBXBuildFile; fileRef = CE48EC171B52619700F744C1 /* homeViewController.m */; };
		CE4C5FC41B414C2E00784563 /* QRCode.m in Sources */ = {isa = PBXBuildFile; fileRef = CE4C5FC31B414C2E00784563 /* QRCode.m */; };
		CE4C5FCA1B41522E00784563 /* newCell.m in Sources */ = {isa = PBXBuildFile; fileRef = CE4C5FC91B41522E00784563 /* newCell.m */; };
		CE4C5FCD1B41534800784563 /* timeLogTable.m in Sources */ = {isa = PBXBuildFile; fileRef = CE4C5FCC1B41534800784563 /* timeLogTable.m */; };
		CE4C5FD01B41587300784563 /* addQrData.m in Sources */ = {isa = PBXBuildFile; fileRef = CE4C5FCF1B41587300784563 /* addQrData.m */; };
		CE50FCD31B412E2E00042AAD /* deleteEmployee.m in Sources */ = {isa = PBXBuildFile; fileRef = CE50FCD21B412E2E00042AAD /* deleteEmployee.m */; };
		CE6F32771B4172EC00CFDF37 /* mapDraw.m in Sources */ = {isa = PBXBuildFile; fileRef = CE6F32761B4172EC00CFDF37 /* mapDraw.m */; };
		CE6F32791B4175E600CFDF37 /* CoreLocation.framework in Frameworks */ = {isa = PBXBuildFile; fileRef = CE6F32781B4175E600CFDF37 /* CoreLocation.framework */; };
		CE968AFC1B4101BE0006CB2C /* Qrc.m in Sources */ = {isa = PBXBuildFile; fileRef = CE968AFB1B4101BE0006CB2C /* Qrc.m */; };
		CE968AFE1B41036D0006CB2C /* AVFoundation.framework in Frameworks */ = {isa = PBXBuildFile; fileRef = CE968AFD1B41036D0006CB2C /* AVFoundation.framework */; };
		CE968B001B41037D0006CB2C /* UIKit.framework in Frameworks */ = {isa = PBXBuildFile; fileRef = CE968AFF1B41037D0006CB2C /* UIKit.framework */; };
		CE968B021B41038D0006CB2C /* CoreGraphics.framework in Frameworks */ = {isa = PBXBuildFile; fileRef = CE968B011B41038D0006CB2C /* CoreGraphics.framework */; };
		CE968B041B4103A10006CB2C /* CoreVideo.framework in Frameworks */ = {isa = PBXBuildFile; fileRef = CE968B031B4103A10006CB2C /* CoreVideo.framework */; };
		CE968B061B4103BE0006CB2C /* CoreMedia.framework in Frameworks */ = {isa = PBXBuildFile; fileRef = CE968B051B4103BE0006CB2C /* CoreMedia.framework */; };
		CE968B081B4103D50006CB2C /* Foundation.framework in Frameworks */ = {isa = PBXBuildFile; fileRef = CE968B071B4103D50006CB2C /* Foundation.framework */; };
		CE968B0A1B4103E80006CB2C /* QuartzCore.framework in Frameworks */ = {isa = PBXBuildFile; fileRef = CE968B091B4103E80006CB2C /* QuartzCore.framework */; };
		CE9D769A1B3D7F300079378F /* enhancedCell.m in Sources */ = {isa = PBXBuildFile; fileRef = CE9D76991B3D7F300079378F /* enhancedCell.m */; };
		CED8A1901B4BEAE8003B975C /* EmployeeTable.m in Sources */ = {isa = PBXBuildFile; fileRef = CED8A18F1B4BEAE8003B975C /* EmployeeTable.m */; };
/* End PBXBuildFile section */

/* Begin PBXContainerItemProxy section */
		CE45A6491B3D5260007B3624 /* PBXContainerItemProxy */ = {
			isa = PBXContainerItemProxy;
			containerPortal = CE45A6241B3D525F007B3624 /* Project object */;
			proxyType = 1;
			remoteGlobalIDString = CE45A62B1B3D525F007B3624;
			remoteInfo = IndoorNavigationApp;
		};
/* End PBXContainerItemProxy section */

/* Begin PBXFileReference section */
		CE397E821B44291E0080490B /* TimeLog.h */ = {isa = PBXFileReference; fileEncoding = 4; lastKnownFileType = sourcecode.c.h; path = TimeLog.h; sourceTree = "<group>"; };
		CE397E831B44291E0080490B /* TimeLog.m */ = {isa = PBXFileReference; fileEncoding = 4; lastKnownFileType = sourcecode.c.objc; path = TimeLog.m; sourceTree = "<group>"; };
		CE45A62C1B3D525F007B3624 /* IndoorNavigationApp.app */ = {isa = PBXFileReference; explicitFileType = wrapper.application; includeInIndex = 0; path = IndoorNavigationApp.app; sourceTree = BUILT_PRODUCTS_DIR; };
		CE45A6301B3D525F007B3624 /* Info.plist */ = {isa = PBXFileReference; lastKnownFileType = text.plist.xml; path = Info.plist; sourceTree = "<group>"; };
		CE45A6311B3D525F007B3624 /* main.m */ = {isa = PBXFileReference; lastKnownFileType = sourcecode.c.objc; path = main.m; sourceTree = "<group>"; };
		CE45A6331B3D525F007B3624 /* AppDelegate.h */ = {isa = PBXFileReference; lastKnownFileType = sourcecode.c.h; path = AppDelegate.h; sourceTree = "<group>"; };
		CE45A6341B3D525F007B3624 /* AppDelegate.m */ = {isa = PBXFileReference; lastKnownFileType = sourcecode.c.objc; path = AppDelegate.m; sourceTree = "<group>"; };
		CE45A6371B3D525F007B3624 /* IndoorNavigationApp.xcdatamodel */ = {isa = PBXFileReference; lastKnownFileType = wrapper.xcdatamodel; path = IndoorNavigationApp.xcdatamodel; sourceTree = "<group>"; };
		CE45A6391B3D5260007B3624 /* ViewController.h */ = {isa = PBXFileReference; lastKnownFileType = sourcecode.c.h; path = ViewController.h; sourceTree = "<group>"; };
		CE45A63A1B3D5260007B3624 /* ViewController.m */ = {isa = PBXFileReference; lastKnownFileType = sourcecode.c.objc; path = ViewController.m; sourceTree = "<group>"; };
		CE45A63D1B3D5260007B3624 /* Base */ = {isa = PBXFileReference; lastKnownFileType = file.storyboard; name = Base; path = Base.lproj/Main.storyboard; sourceTree = "<group>"; };
		CE45A63F1B3D5260007B3624 /* Images.xcassets */ = {isa = PBXFileReference; lastKnownFileType = folder.assetcatalog; path = Images.xcassets; sourceTree = "<group>"; };
		CE45A6421B3D5260007B3624 /* Base */ = {isa = PBXFileReference; lastKnownFileType = file.xib; name = Base; path = Base.lproj/LaunchScreen.xib; sourceTree = "<group>"; };
		CE45A6481B3D5260007B3624 /* IndoorNavigationAppTests.xctest */ = {isa = PBXFileReference; explicitFileType = wrapper.cfbundle; includeInIndex = 0; path = IndoorNavigationAppTests.xctest; sourceTree = BUILT_PRODUCTS_DIR; };
		CE45A64D1B3D5260007B3624 /* Info.plist */ = {isa = PBXFileReference; lastKnownFileType = text.plist.xml; path = Info.plist; sourceTree = "<group>"; };
		CE45A64E1B3D5260007B3624 /* IndoorNavigationAppTests.m */ = {isa = PBXFileReference; lastKnownFileType = sourcecode.c.objc; path = IndoorNavigationAppTests.m; sourceTree = "<group>"; };
		CE45A6581B3D582E007B3624 /* Employee.h */ = {isa = PBXFileReference; fileEncoding = 4; lastKnownFileType = sourcecode.c.h; name = Employee.h; path = ../Employee.h; sourceTree = "<group>"; };
		CE45A6591B3D582E007B3624 /* Employee.m */ = {isa = PBXFileReference; fileEncoding = 4; lastKnownFileType = sourcecode.c.objc; name = Employee.m; path = ../Employee.m; sourceTree = "<group>"; };
		CE45A65E1B3D5FBD007B3624 /* addEmployeeData.h */ = {isa = PBXFileReference; fileEncoding = 4; lastKnownFileType = sourcecode.c.h; path = addEmployeeData.h; sourceTree = "<group>"; };
		CE45A65F1B3D5FBD007B3624 /* addEmployeeData.m */ = {isa = PBXFileReference; fileEncoding = 4; lastKnownFileType = sourcecode.c.objc; path = addEmployeeData.m; sourceTree = "<group>"; };
		CE48EC0D1B52464700F744C1 /* Places.h */ = {isa = PBXFileReference; fileEncoding = 4; lastKnownFileType = sourcecode.c.h; name = Places.h; path = ../Places.h; sourceTree = "<group>"; };
		CE48EC0E1B52464700F744C1 /* Places.m */ = {isa = PBXFileReference; fileEncoding = 4; lastKnownFileType = sourcecode.c.objc; name = Places.m; path = ../Places.m; sourceTree = "<group>"; };
		CE48EC101B525FFA00F744C1 /* categoryViewController.h */ = {isa = PBXFileReference; fileEncoding = 4; lastKnownFileType = sourcecode.c.h; path = categoryViewController.h; sourceTree = "<group>"; };
		CE48EC111B525FFA00F744C1 /* categoryViewController.m */ = {isa = PBXFileReference; fileEncoding = 4; lastKnownFileType = sourcecode.c.objc; path = categoryViewController.m; sourceTree = "<group>"; };
		CE48EC131B52602900F744C1 /* categoryTableViewCell.h */ = {isa = PBXFileReference; fileEncoding = 4; lastKnownFileType = sourcecode.c.h; path = categoryTableViewCell.h; sourceTree = "<group>"; };
		CE48EC141B52602900F744C1 /* categoryTableViewCell.m */ = {isa = PBXFileReference; fileEncoding = 4; lastKnownFileType = sourcecode.c.objc; path = categoryTableViewCell.m; sourceTree = "<group>"; };
		CE48EC161B52619700F744C1 /* homeViewController.h */ = {isa = PBXFileReference; fileEncoding = 4; lastKnownFileType = sourcecode.c.h; path = homeViewController.h; sourceTree = "<group>"; };
		CE48EC171B52619700F744C1 /* homeViewController.m */ = {isa = PBXFileReference; fileEncoding = 4; lastKnownFileType = sourcecode.c.objc; path = homeViewController.m; sourceTree = "<group>"; };
		CE4C5FC21B414C2E00784563 /* QRCode.h */ = {isa = PBXFileReference; fileEncoding = 4; lastKnownFileType = sourcecode.c.h; path = QRCode.h; sourceTree = "<group>"; };
		CE4C5FC31B414C2E00784563 /* QRCode.m */ = {isa = PBXFileReference; fileEncoding = 4; lastKnownFileType = sourcecode.c.objc; path = QRCode.m; sourceTree = "<group>"; };
		CE4C5FC81B41522E00784563 /* newCell.h */ = {isa = PBXFileReference; fileEncoding = 4; lastKnownFileType = sourcecode.c.h; path = newCell.h; sourceTree = "<group>"; };
		CE4C5FC91B41522E00784563 /* newCell.m */ = {isa = PBXFileReference; fileEncoding = 4; lastKnownFileType = sourcecode.c.objc; path = newCell.m; sourceTree = "<group>"; };
		CE4C5FCB1B41534800784563 /* timeLogTable.h */ = {isa = PBXFileReference; fileEncoding = 4; lastKnownFileType = sourcecode.c.h; path = timeLogTable.h; sourceTree = "<group>"; };
		CE4C5FCC1B41534800784563 /* timeLogTable.m */ = {isa = PBXFileReference; fileEncoding = 4; lastKnownFileType = sourcecode.c.objc; path = timeLogTable.m; sourceTree = "<group>"; };
		CE4C5FCE1B41587300784563 /* addQrData.h */ = {isa = PBXFileReference; fileEncoding = 4; lastKnownFileType = sourcecode.c.h; path = addQrData.h; sourceTree = "<group>"; };
		CE4C5FCF1B41587300784563 /* addQrData.m */ = {isa = PBXFileReference; fileEncoding = 4; lastKnownFileType = sourcecode.c.objc; path = addQrData.m; sourceTree = "<group>"; };
		CE50FCD11B412E2E00042AAD /* deleteEmployee.h */ = {isa = PBXFileReference; fileEncoding = 4; lastKnownFileType = sourcecode.c.h; path = deleteEmployee.h; sourceTree = "<group>"; };
		CE50FCD21B412E2E00042AAD /* deleteEmployee.m */ = {isa = PBXFileReference; fileEncoding = 4; lastKnownFileType = sourcecode.c.objc; path = deleteEmployee.m; sourceTree = "<group>"; };
		CE6F32751B4172EC00CFDF37 /* mapDraw.h */ = {isa = PBXFileReference; fileEncoding = 4; lastKnownFileType = sourcecode.c.h; path = mapDraw.h; sourceTree = "<group>"; };
		CE6F32761B4172EC00CFDF37 /* mapDraw.m */ = {isa = PBXFileReference; fileEncoding = 4; lastKnownFileType = sourcecode.c.objc; path = mapDraw.m; sourceTree = "<group>"; };
		CE6F32781B4175E600CFDF37 /* CoreLocation.framework */ = {isa = PBXFileReference; lastKnownFileType = wrapper.framework; name = CoreLocation.framework; path = System/Library/Frameworks/CoreLocation.framework; sourceTree = SDKROOT; };
		CE968AFA1B4101BE0006CB2C /* Qrc.h */ = {isa = PBXFileReference; fileEncoding = 4; lastKnownFileType = sourcecode.c.h; path = Qrc.h; sourceTree = "<group>"; };
		CE968AFB1B4101BE0006CB2C /* Qrc.m */ = {isa = PBXFileReference; fileEncoding = 4; lastKnownFileType = sourcecode.c.objc; path = Qrc.m; sourceTree = "<group>"; };
		CE968AFD1B41036D0006CB2C /* AVFoundation.framework */ = {isa = PBXFileReference; lastKnownFileType = wrapper.framework; name = AVFoundation.framework; path = System/Library/Frameworks/AVFoundation.framework; sourceTree = SDKROOT; };
		CE968AFF1B41037D0006CB2C /* UIKit.framework */ = {isa = PBXFileReference; lastKnownFileType = wrapper.framework; name = UIKit.framework; path = System/Library/Frameworks/UIKit.framework; sourceTree = SDKROOT; };
		CE968B011B41038D0006CB2C /* CoreGraphics.framework */ = {isa = PBXFileReference; lastKnownFileType = wrapper.framework; name = CoreGraphics.framework; path = System/Library/Frameworks/CoreGraphics.framework; sourceTree = SDKROOT; };
		CE968B031B4103A10006CB2C /* CoreVideo.framework */ = {isa = PBXFileReference; lastKnownFileType = wrapper.framework; name = CoreVideo.framework; path = System/Library/Frameworks/CoreVideo.framework; sourceTree = SDKROOT; };
		CE968B051B4103BE0006CB2C /* CoreMedia.framework */ = {isa = PBXFileReference; lastKnownFileType = wrapper.framework; name = CoreMedia.framework; path = System/Library/Frameworks/CoreMedia.framework; sourceTree = SDKROOT; };
		CE968B071B4103D50006CB2C /* Foundation.framework */ = {isa = PBXFileReference; lastKnownFileType = wrapper.framework; name = Foundation.framework; path = System/Library/Frameworks/Foundation.framework; sourceTree = SDKROOT; };
		CE968B091B4103E80006CB2C /* QuartzCore.framework */ = {isa = PBXFileReference; lastKnownFileType = wrapper.framework; name = QuartzCore.framework; path = System/Library/Frameworks/QuartzCore.framework; sourceTree = SDKROOT; };
		CE9D76981B3D7F300079378F /* enhancedCell.h */ = {isa = PBXFileReference; fileEncoding = 4; lastKnownFileType = sourcecode.c.h; path = enhancedCell.h; sourceTree = "<group>"; };
		CE9D76991B3D7F300079378F /* enhancedCell.m */ = {isa = PBXFileReference; fileEncoding = 4; lastKnownFileType = sourcecode.c.objc; path = enhancedCell.m; sourceTree = "<group>"; };
		CED8A18E1B4BEAE8003B975C /* EmployeeTable.h */ = {isa = PBXFileReference; fileEncoding = 4; lastKnownFileType = sourcecode.c.h; path = EmployeeTable.h; sourceTree = "<group>"; };
		CED8A18F1B4BEAE8003B975C /* EmployeeTable.m */ = {isa = PBXFileReference; fileEncoding = 4; lastKnownFileType = sourcecode.c.objc; path = EmployeeTable.m; sourceTree = "<group>"; };
/* End PBXFileReference section */

/* Begin PBXFrameworksBuildPhase section */
		CE45A6291B3D525F007B3624 /* Frameworks */ = {
			isa = PBXFrameworksBuildPhase;
			buildActionMask = 2147483647;
			files = (
				CE6F32791B4175E600CFDF37 /* CoreLocation.framework in Frameworks */,
				CE968B0A1B4103E80006CB2C /* QuartzCore.framework in Frameworks */,
				CE968B081B4103D50006CB2C /* Foundation.framework in Frameworks */,
				CE968B061B4103BE0006CB2C /* CoreMedia.framework in Frameworks */,
				CE968B041B4103A10006CB2C /* CoreVideo.framework in Frameworks */,
				CE968B021B41038D0006CB2C /* CoreGraphics.framework in Frameworks */,
				CE968B001B41037D0006CB2C /* UIKit.framework in Frameworks */,
				CE968AFE1B41036D0006CB2C /* AVFoundation.framework in Frameworks */,
			);
			runOnlyForDeploymentPostprocessing = 0;
		};
		CE45A6451B3D5260007B3624 /* Frameworks */ = {
			isa = PBXFrameworksBuildPhase;
			buildActionMask = 2147483647;
			files = (
			);
			runOnlyForDeploymentPostprocessing = 0;
		};
/* End PBXFrameworksBuildPhase section */

/* Begin PBXGroup section */
		CE45A6231B3D525F007B3624 = {
			isa = PBXGroup;
			children = (
				CE397E821B44291E0080490B /* TimeLog.h */,
				CE397E831B44291E0080490B /* TimeLog.m */,
				CE6F32781B4175E600CFDF37 /* CoreLocation.framework */,
				CE4C5FC21B414C2E00784563 /* QRCode.h */,
				CE4C5FC31B414C2E00784563 /* QRCode.m */,
				CE968B091B4103E80006CB2C /* QuartzCore.framework */,
				CE968B071B4103D50006CB2C /* Foundation.framework */,
				CE968B051B4103BE0006CB2C /* CoreMedia.framework */,
				CE968B031B4103A10006CB2C /* CoreVideo.framework */,
				CE968B011B41038D0006CB2C /* CoreGraphics.framework */,
				CE968AFF1B41037D0006CB2C /* UIKit.framework */,
				CE968AFD1B41036D0006CB2C /* AVFoundation.framework */,
				CE45A62E1B3D525F007B3624 /* IndoorNavigationApp */,
				CE45A64B1B3D5260007B3624 /* IndoorNavigationAppTests */,
				CE45A62D1B3D525F007B3624 /* Products */,
			);
			sourceTree = "<group>";
		};
		CE45A62D1B3D525F007B3624 /* Products */ = {
			isa = PBXGroup;
			children = (
				CE45A62C1B3D525F007B3624 /* IndoorNavigationApp.app */,
				CE45A6481B3D5260007B3624 /* IndoorNavigationAppTests.xctest */,
			);
			name = Products;
			sourceTree = "<group>";
		};
		CE45A62E1B3D525F007B3624 /* IndoorNavigationApp */ = {
			isa = PBXGroup;
			children = (
				CE48EC0D1B52464700F744C1 /* Places.h */,
				CE48EC0E1B52464700F744C1 /* Places.m */,
				CE45A6581B3D582E007B3624 /* Employee.h */,
				CE45A6591B3D582E007B3624 /* Employee.m */,
				CE45A6331B3D525F007B3624 /* AppDelegate.h */,
				CE45A6341B3D525F007B3624 /* AppDelegate.m */,
				CE45A6391B3D5260007B3624 /* ViewController.h */,
				CE45A63A1B3D5260007B3624 /* ViewController.m */,
				CE968AFA1B4101BE0006CB2C /* Qrc.h */,
				CE968AFB1B4101BE0006CB2C /* Qrc.m */,
				CE45A63C1B3D5260007B3624 /* Main.storyboard */,
				CE48EC161B52619700F744C1 /* homeViewController.h */,
				CE48EC171B52619700F744C1 /* homeViewController.m */,
				CE48EC101B525FFA00F744C1 /* categoryViewController.h */,
				CE48EC111B525FFA00F744C1 /* categoryViewController.m */,
				CE48EC131B52602900F744C1 /* categoryTableViewCell.h */,
				CE48EC141B52602900F744C1 /* categoryTableViewCell.m */,
				CE6F32751B4172EC00CFDF37 /* mapDraw.h */,
				CE6F32761B4172EC00CFDF37 /* mapDraw.m */,
				CE4C5FCE1B41587300784563 /* addQrData.h */,
				CE4C5FCF1B41587300784563 /* addQrData.m */,
				CE4C5FCB1B41534800784563 /* timeLogTable.h */,
				CE4C5FCC1B41534800784563 /* timeLogTable.m */,
				CE4C5FC81B41522E00784563 /* newCell.h */,
				CE4C5FC91B41522E00784563 /* newCell.m */,
				CE50FCD11B412E2E00042AAD /* deleteEmployee.h */,
				CE50FCD21B412E2E00042AAD /* deleteEmployee.m */,
				CED8A18E1B4BEAE8003B975C /* EmployeeTable.h */,
				CED8A18F1B4BEAE8003B975C /* EmployeeTable.m */,
				CE45A65E1B3D5FBD007B3624 /* addEmployeeData.h */,
				CE45A65F1B3D5FBD007B3624 /* addEmployeeData.m */,
				CE9D76981B3D7F300079378F /* enhancedCell.h */,
				CE9D76991B3D7F300079378F /* enhancedCell.m */,
				CE45A63F1B3D5260007B3624 /* Images.xcassets */,
				CE45A6411B3D5260007B3624 /* LaunchScreen.xib */,
				CE45A6361B3D525F007B3624 /* IndoorNavigationApp.xcdatamodeld */,
				CE45A62F1B3D525F007B3624 /* Supporting Files */,
			);
			path = IndoorNavigationApp;
			sourceTree = "<group>";
		};
		CE45A62F1B3D525F007B3624 /* Supporting Files */ = {
			isa = PBXGroup;
			children = (
				CE45A6301B3D525F007B3624 /* Info.plist */,
				CE45A6311B3D525F007B3624 /* main.m */,
			);
			name = "Supporting Files";
			sourceTree = "<group>";
		};
		CE45A64B1B3D5260007B3624 /* IndoorNavigationAppTests */ = {
			isa = PBXGroup;
			children = (
				CE45A64E1B3D5260007B3624 /* IndoorNavigationAppTests.m */,
				CE45A64C1B3D5260007B3624 /* Supporting Files */,
			);
			path = IndoorNavigationAppTests;
			sourceTree = "<group>";
		};
		CE45A64C1B3D5260007B3624 /* Supporting Files */ = {
			isa = PBXGroup;
			children = (
				CE45A64D1B3D5260007B3624 /* Info.plist */,
			);
			name = "Supporting Files";
			sourceTree = "<group>";
		};
/* End PBXGroup section */

/* Begin PBXNativeTarget section */
		CE45A62B1B3D525F007B3624 /* IndoorNavigationApp */ = {
			isa = PBXNativeTarget;
			buildConfigurationList = CE45A6521B3D5260007B3624 /* Build configuration list for PBXNativeTarget "IndoorNavigationApp" */;
			buildPhases = (
				CE45A6281B3D525F007B3624 /* Sources */,
				CE45A6291B3D525F007B3624 /* Frameworks */,
				CE45A62A1B3D525F007B3624 /* Resources */,
			);
			buildRules = (
			);
			dependencies = (
			);
			name = IndoorNavigationApp;
			productName = IndoorNavigationApp;
			productReference = CE45A62C1B3D525F007B3624 /* IndoorNavigationApp.app */;
			productType = "com.apple.product-type.application";
		};
		CE45A6471B3D5260007B3624 /* IndoorNavigationAppTests */ = {
			isa = PBXNativeTarget;
			buildConfigurationList = CE45A6551B3D5260007B3624 /* Build configuration list for PBXNativeTarget "IndoorNavigationAppTests" */;
			buildPhases = (
				CE45A6441B3D5260007B3624 /* Sources */,
				CE45A6451B3D5260007B3624 /* Frameworks */,
				CE45A6461B3D5260007B3624 /* Resources */,
			);
			buildRules = (
			);
			dependencies = (
				CE45A64A1B3D5260007B3624 /* PBXTargetDependency */,
			);
			name = IndoorNavigationAppTests;
			productName = IndoorNavigationAppTests;
			productReference = CE45A6481B3D5260007B3624 /* IndoorNavigationAppTests.xctest */;
			productType = "com.apple.product-type.bundle.unit-test";
		};
/* End PBXNativeTarget section */

/* Begin PBXProject section */
		CE45A6241B3D525F007B3624 /* Project object */ = {
			isa = PBXProject;
			attributes = {
				LastUpgradeCheck = 0630;
				ORGANIZATIONNAME = user;
				TargetAttributes = {
					CE45A62B1B3D525F007B3624 = {
						CreatedOnToolsVersion = 6.3.2;
					};
					CE45A6471B3D5260007B3624 = {
						CreatedOnToolsVersion = 6.3.2;
						TestTargetID = CE45A62B1B3D525F007B3624;
					};
				};
			};
			buildConfigurationList = CE45A6271B3D525F007B3624 /* Build configuration list for PBXProject "IndoorNavigationApp" */;
			compatibilityVersion = "Xcode 3.2";
			developmentRegion = English;
			hasScannedForEncodings = 0;
			knownRegions = (
				en,
				Base,
			);
			mainGroup = CE45A6231B3D525F007B3624;
			productRefGroup = CE45A62D1B3D525F007B3624 /* Products */;
			projectDirPath = "";
			projectRoot = "";
			targets = (
				CE45A62B1B3D525F007B3624 /* IndoorNavigationApp */,
				CE45A6471B3D5260007B3624 /* IndoorNavigationAppTests */,
			);
		};
/* End PBXProject section */

/* Begin PBXResourcesBuildPhase section */
		CE45A62A1B3D525F007B3624 /* Resources */ = {
			isa = PBXResourcesBuildPhase;
			buildActionMask = 2147483647;
			files = (
				CE45A63E1B3D5260007B3624 /* Main.storyboard in Resources */,
				CE45A6431B3D5260007B3624 /* LaunchScreen.xib in Resources */,
				CE45A6401B3D5260007B3624 /* Images.xcassets in Resources */,
			);
			runOnlyForDeploymentPostprocessing = 0;
		};
		CE45A6461B3D5260007B3624 /* Resources */ = {
			isa = PBXResourcesBuildPhase;
			buildActionMask = 2147483647;
			files = (
			);
			runOnlyForDeploymentPostprocessing = 0;
		};
/* End PBXResourcesBuildPhase section */

/* Begin PBXSourcesBuildPhase section */
		CE45A6281B3D525F007B3624 /* Sources */ = {
			isa = PBXSourcesBuildPhase;
			buildActionMask = 2147483647;
			files = (
				CE48EC121B525FFA00F744C1 /* categoryViewController.m in Sources */,
				CE6F32771B4172EC00CFDF37 /* mapDraw.m in Sources */,
				CE4C5FCA1B41522E00784563 /* newCell.m in Sources */,
				CE48EC181B52619700F744C1 /* homeViewController.m in Sources */,
				CE968AFC1B4101BE0006CB2C /* Qrc.m in Sources */,
				CE4C5FCD1B41534800784563 /* timeLogTable.m in Sources */,
				CE9D769A1B3D7F300079378F /* enhancedCell.m in Sources */,
				CE48EC151B52602900F744C1 /* categoryTableViewCell.m in Sources */,
				CE45A65A1B3D582E007B3624 /* Employee.m in Sources */,
				CE48EC0F1B52464700F744C1 /* Places.m in Sources */,
				CE45A6601B3D5FBD007B3624 /* addEmployeeData.m in Sources */,
				CE50FCD31B412E2E00042AAD /* deleteEmployee.m in Sources */,
				CED8A1901B4BEAE8003B975C /* EmployeeTable.m in Sources */,
				CE4C5FD01B41587300784563 /* addQrData.m in Sources */,
				CE45A6351B3D525F007B3624 /* AppDelegate.m in Sources */,
				CE45A6321B3D525F007B3624 /* main.m in Sources */,
				CE45A63B1B3D5260007B3624 /* ViewController.m in Sources */,
				CE397E841B44291E0080490B /* TimeLog.m in Sources */,
				CE45A6381B3D525F007B3624 /* IndoorNavigationApp.xcdatamodeld in Sources */,
				CE4C5FC41B414C2E00784563 /* QRCode.m in Sources */,
			);
			runOnlyForDeploymentPostprocessing = 0;
		};
		CE45A6441B3D5260007B3624 /* Sources */ = {
			isa = PBXSourcesBuildPhase;
			buildActionMask = 2147483647;
			files = (
				CE45A64F1B3D5260007B3624 /* IndoorNavigationAppTests.m in Sources */,
			);
			runOnlyForDeploymentPostprocessing = 0;
		};
/* End PBXSourcesBuildPhase section */

/* Begin PBXTargetDependency section */
		CE45A64A1B3D5260007B3624 /* PBXTargetDependency */ = {
			isa = PBXTargetDependency;
			target = CE45A62B1B3D525F007B3624 /* IndoorNavigationApp */;
			targetProxy = CE45A6491B3D5260007B3624 /* PBXContainerItemProxy */;
		};
/* End PBXTargetDependency section */

/* Begin PBXVariantGroup section */
		CE45A63C1B3D5260007B3624 /* Main.storyboard */ = {
			isa = PBXVariantGroup;
			children = (
				CE45A63D1B3D5260007B3624 /* Base */,
			);
			name = Main.storyboard;
			sourceTree = "<group>";
		};
		CE45A6411B3D5260007B3624 /* LaunchScreen.xib */ = {
			isa = PBXVariantGroup;
			children = (
				CE45A6421B3D5260007B3624 /* Base */,
			);
			name = LaunchScreen.xib;
			sourceTree = "<group>";
		};
/* End PBXVariantGroup section */

/* Begin XCBuildConfiguration section */
		CE45A6501B3D5260007B3624 /* Debug */ = {
			isa = XCBuildConfiguration;
			buildSettings = {
				ALWAYS_SEARCH_USER_PATHS = NO;
				CLANG_CXX_LANGUAGE_STANDARD = "gnu++0x";
				CLANG_CXX_LIBRARY = "libc++";
				CLANG_ENABLE_MODULES = YES;
				CLANG_ENABLE_OBJC_ARC = YES;
				CLANG_WARN_BOOL_CONVERSION = YES;
				CLANG_WARN_CONSTANT_CONVERSION = YES;
				CLANG_WARN_DIRECT_OBJC_ISA_USAGE = YES_ERROR;
				CLANG_WARN_EMPTY_BODY = YES;
				CLANG_WARN_ENUM_CONVERSION = YES;
				CLANG_WARN_INT_CONVERSION = YES;
				CLANG_WARN_OBJC_ROOT_CLASS = YES_ERROR;
				CLANG_WARN_UNREACHABLE_CODE = YES;
				CLANG_WARN__DUPLICATE_METHOD_MATCH = YES;
				"CODE_SIGN_IDENTITY[sdk=iphoneos*]" = "iPhone Developer";
				COPY_PHASE_STRIP = NO;
				DEBUG_INFORMATION_FORMAT = "dwarf-with-dsym";
				ENABLE_STRICT_OBJC_MSGSEND = YES;
				GCC_C_LANGUAGE_STANDARD = gnu99;
				GCC_DYNAMIC_NO_PIC = NO;
				GCC_NO_COMMON_BLOCKS = YES;
				GCC_OPTIMIZATION_LEVEL = 0;
				GCC_PREPROCESSOR_DEFINITIONS = (
					"DEBUG=1",
					"$(inherited)",
				);
				GCC_SYMBOLS_PRIVATE_EXTERN = NO;
				GCC_WARN_64_TO_32_BIT_CONVERSION = YES;
				GCC_WARN_ABOUT_RETURN_TYPE = YES_ERROR;
				GCC_WARN_UNDECLARED_SELECTOR = YES;
				GCC_WARN_UNINITIALIZED_AUTOS = YES_AGGRESSIVE;
				GCC_WARN_UNUSED_FUNCTION = YES;
				GCC_WARN_UNUSED_VARIABLE = YES;
				IPHONEOS_DEPLOYMENT_TARGET = 8.3;
				MTL_ENABLE_DEBUG_INFO = YES;
				ONLY_ACTIVE_ARCH = YES;
				SDKROOT = iphoneos;
			};
			name = Debug;
		};
		CE45A6511B3D5260007B3624 /* Release */ = {
			isa = XCBuildConfiguration;
			buildSettings = {
				ALWAYS_SEARCH_USER_PATHS = NO;
				CLANG_CXX_LANGUAGE_STANDARD = "gnu++0x";
				CLANG_CXX_LIBRARY = "libc++";
				CLANG_ENABLE_MODULES = YES;
				CLANG_ENABLE_OBJC_ARC = YES;
				CLANG_WARN_BOOL_CONVERSION = YES;
				CLANG_WARN_CONSTANT_CONVERSION = YES;
				CLANG_WARN_DIRECT_OBJC_ISA_USAGE = YES_ERROR;
				CLANG_WARN_EMPTY_BODY = YES;
				CLANG_WARN_ENUM_CONVERSION = YES;
				CLANG_WARN_INT_CONVERSION = YES;
				CLANG_WARN_OBJC_ROOT_CLASS = YES_ERROR;
				CLANG_WARN_UNREACHABLE_CODE = YES;
				CLANG_WARN__DUPLICATE_METHOD_MATCH = YES;
				"CODE_SIGN_IDENTITY[sdk=iphoneos*]" = "iPhone Developer";
				COPY_PHASE_STRIP = NO;
				DEBUG_INFORMATION_FORMAT = "dwarf-with-dsym";
				ENABLE_NS_ASSERTIONS = NO;
				ENABLE_STRICT_OBJC_MSGSEND = YES;
				GCC_C_LANGUAGE_STANDARD = gnu99;
				GCC_NO_COMMON_BLOCKS = YES;
				GCC_WARN_64_TO_32_BIT_CONVERSION = YES;
				GCC_WARN_ABOUT_RETURN_TYPE = YES_ERROR;
				GCC_WARN_UNDECLARED_SELECTOR = YES;
				GCC_WARN_UNINITIALIZED_AUTOS = YES_AGGRESSIVE;
				GCC_WARN_UNUSED_FUNCTION = YES;
				GCC_WARN_UNUSED_VARIABLE = YES;
				IPHONEOS_DEPLOYMENT_TARGET = 8.3;
				MTL_ENABLE_DEBUG_INFO = NO;
				SDKROOT = iphoneos;
				VALIDATE_PRODUCT = YES;
			};
			name = Release;
		};
		CE45A6531B3D5260007B3624 /* Debug */ = {
			isa = XCBuildConfiguration;
			buildSettings = {
				ASSETCATALOG_COMPILER_APPICON_NAME = AppIcon;
				INFOPLIST_FILE = IndoorNavigationApp/Info.plist;
				IPHONEOS_DEPLOYMENT_TARGET = 8.0;
				LD_RUNPATH_SEARCH_PATHS = "$(inherited) @executable_path/Frameworks";
				PRODUCT_NAME = "$(TARGET_NAME)";
			};
			name = Debug;
		};
		CE45A6541B3D5260007B3624 /* Release */ = {
			isa = XCBuildConfiguration;
			buildSettings = {
				ASSETCATALOG_COMPILER_APPICON_NAME = AppIcon;
				INFOPLIST_FILE = IndoorNavigationApp/Info.plist;
				IPHONEOS_DEPLOYMENT_TARGET = 8.0;
				LD_RUNPATH_SEARCH_PATHS = "$(inherited) @executable_path/Frameworks";
				PRODUCT_NAME = "$(TARGET_NAME)";
			};
			name = Release;
		};
		CE45A6561B3D5260007B3624 /* Debug */ = {
			isa = XCBuildConfiguration;
			buildSettings = {
				BUNDLE_LOADER = "$(TEST_HOST)";
				FRAMEWORK_SEARCH_PATHS = (
					"$(SDKROOT)/Developer/Library/Frameworks",
					"$(inherited)",
				);
				GCC_PREPROCESSOR_DEFINITIONS = (
					"DEBUG=1",
					"$(inherited)",
				);
				INFOPLIST_FILE = IndoorNavigationAppTests/Info.plist;
				LD_RUNPATH_SEARCH_PATHS = "$(inherited) @executable_path/Frameworks @loader_path/Frameworks";
				PRODUCT_NAME = "$(TARGET_NAME)";
				TEST_HOST = "$(BUILT_PRODUCTS_DIR)/IndoorNavigationApp.app/IndoorNavigationApp";
			};
			name = Debug;
		};
		CE45A6571B3D5260007B3624 /* Release */ = {
			isa = XCBuildConfiguration;
			buildSettings = {
				BUNDLE_LOADER = "$(TEST_HOST)";
				FRAMEWORK_SEARCH_PATHS = (
					"$(SDKROOT)/Developer/Library/Frameworks",
					"$(inherited)",
				);
				INFOPLIST_FILE = IndoorNavigationAppTests/Info.plist;
				LD_RUNPATH_SEARCH_PATHS = "$(inherited) @executable_path/Frameworks @loader_path/Frameworks";
				PRODUCT_NAME = "$(TARGET_NAME)";
				TEST_HOST = "$(BUILT_PRODUCTS_DIR)/IndoorNavigationApp.app/IndoorNavigationApp";
			};
			name = Release;
		};
/* End XCBuildConfiguration section */

/* Begin XCConfigurationList section */
		CE45A6271B3D525F007B3624 /* Build configuration list for PBXProject "IndoorNavigationApp" */ = {
			isa = XCConfigurationList;
			buildConfigurations = (
				CE45A6501B3D5260007B3624 /* Debug */,
				CE45A6511B3D5260007B3624 /* Release */,
			);
			defaultConfigurationIsVisible = 0;
			defaultConfigurationName = Release;
		};
		CE45A6521B3D5260007B3624 /* Build configuration list for PBXNativeTarget "IndoorNavigationApp" */ = {
			isa = XCConfigurationList;
			buildConfigurations = (
				CE45A6531B3D5260007B3624 /* Debug */,
				CE45A6541B3D5260007B3624 /* Release */,
			);
			defaultConfigurationIsVisible = 0;
			defaultConfigurationName = Release;
		};
		CE45A6551B3D5260007B3624 /* Build configuration list for PBXNativeTarget "IndoorNavigationAppTests" */ = {
			isa = XCConfigurationList;
			buildConfigurations = (
				CE45A6561B3D5260007B3624 /* Debug */,
				CE45A6571B3D5260007B3624 /* Release */,
			);
			defaultConfigurationIsVisible = 0;
			defaultConfigurationName = Release;
		};
/* End XCConfigurationList section */

/* Begin XCVersionGroup section */
		CE45A6361B3D525F007B3624 /* IndoorNavigationApp.xcdatamodeld */ = {
			isa = XCVersionGroup;
			children = (
				CE45A6371B3D525F007B3624 /* IndoorNavigationApp.xcdatamodel */,
			);
			currentVersion = CE45A6371B3D525F007B3624 /* IndoorNavigationApp.xcdatamodel */;
			path = IndoorNavigationApp.xcdatamodeld;
			sourceTree = "<group>";
			versionGroupType = wrapper.xcdatamodel;
		};
/* End XCVersionGroup section */
	};
	rootObject = CE45A6241B3D525F007B3624 /* Project object */;
}
